
Microsoft Visual Studio Solution File, Format Version 12.00
# Visual Studio Version 17
VisualStudioVersion = 17.14.36401.2 d17.14
MinimumVisualStudioVersion = 10.0.40219.1
Project("{FAE04EC0-301F-11D3-BF4B-00C04F79EFBC}") = "Dukaan", "Dukaan\Dukaan.csproj", "{A814135D-C827-4F8B-8404-060BABC1390A}"
EndProject
Global
	GlobalSection(SolutionConfigurationPlatforms) = preSolution
		Debug|Any CPU = Debug|Any CPU
		Release|Any CPU = Release|Any CPU
	EndGlobalSection
	GlobalSection(ProjectConfigurationPlatforms) = postSolution
		{A814135D-C827-4F8B-8404-060BABC1390A}.Debug|Any CPU.ActiveCfg = Debug|Any CPU
		{A814135D-C827-4F8B-8404-060BABC1390A}.Debug|Any CPU.Build.0 = Debug|Any CPU
		{A814135D-C827-4F8B-8404-060BABC1390A}.Release|Any CPU.ActiveCfg = Release|Any CPU
		{A814135D-C827-4F8B-8404-060BABC1390A}.Release|Any CPU.Build.0 = Release|Any CPU
	EndGlobalSection
	GlobalSection(SolutionProperties) = preSolution
		HideSolutionNode = FALSE
	EndGlobalSection
	GlobalSection(ExtensibilityGlobals) = postSolution
		SolutionGuid = {D22C0C69-555A-47A0-BA58-1D09AA127730}
	EndGlobalSection
EndGlobal
